{
  "source_commit": "715a8cebe86274d5e81200a6d243db588627ab1d",
  "working_tree_dirty": true,
  "generated_at": "2026-09-05T20:08:52Z",
  "scanned_scope": [
    "."
  ],
  "excluded_directories": [
    ".agents",
    ".cache",
    ".git",
    ".hg",
    ".next",
    ".nuxt",
    ".obsidian",
    ".svn",
    ".turbo",
    ".venv",
    ".vscode",
    "__pycache__",
    "build",
    "coverage",
    "dist",
    "docs/codemap",
    "generated",
    "node_modules",
    "out",
    "target",
    "vendor",
    "venv"
  ],
  "fingerprint_algorithm": "sha256-path-content-v2",
  "modules": [
    {
      "id": ".",
      "path": ".",
      "file_count": 33,
      "fingerprint": "edb00256cd1207f10b80f81f42540d60e6f24b0b26c0e7c5d74da8415fbeab51"
    },
    {
      "id": ".github",
      "path": ".github",
      "file_count": 8,
      "fingerprint": "2c8a6367c81f505a7a4cc10519567da5e004d0b040b7e09976a740de2a325fcb"
    },
    {
      "id": ".vite-hooks",
      "path": ".vite-hooks",
      "file_count": 1,
      "fingerprint": "c651947e8b33c04895037bbfc509c2282d54b6d21432ba1c7fa62a1acfa3b618"
    },
    {
      "id": "apps",
      "path": "apps",
      "file_count": 240,
      "fingerprint": "b37e6c72158e38807aeef14f9e343232f0c070091a2860d98a99c26a92f26198"
    },
    {
      "id": "assets",
      "path": "assets",
      "file_count": 6607,
      "fingerprint": "348e282748afa998b1ca8d7ebe2c64162277d7914ee39571d3acca736bb3b954"
    },
    {
      "id": "components",
      "path": "components",
      "file_count": 1980,
      "fingerprint": "8534e043d910bb37aaacfa0ff2aacf79b94273b3ea73d1f7c89219ba312a9e6e"
    },
    {
      "id": "contexts",
      "path": "contexts",
      "file_count": 12,
      "fingerprint": "b51108492190cb5089da4507ba4d82cebfb87f3f0bd2aeb901bb9ab084ea5c50"
    },
    {
      "id": "docs",
      "path": "docs",
      "file_count": 34,
      "fingerprint": "981d26aeddbf1dbb230ebf1bbf494358807e99db4d7f136f6d393ead635ce471"
    },
    {
      "id": "electron",
      "path": "electron",
      "file_count": 2,
      "fingerprint": "7c22ef4f3766ea64b8ad6cd45f5c08cb2dacf12c002f0141c55fed1fbcfa1fe8"
    },
    {
      "id": "hooks",
      "path": "hooks",
      "file_count": 75,
      "fingerprint": "daa5b59a97738ce7e54bbb5eab74936b752f44a80a3f3e6182586445918f4602"
    },
    {
      "id": "lib",
      "path": "lib",
      "file_count": 173,
      "fingerprint": "ca23a32ed3d7592e4afa24f876f571a0a80d61018e679562f1eefc20bb5b6ae0"
    },
    {
      "id": "packages",
      "path": "packages",
      "file_count": 37,
      "fingerprint": "bdf5db068e83cbd25a5868b91d776bb9c3861a0241490972e30b124835a242a8"
    },
    {
      "id": "scripts",
      "path": "scripts",
      "file_count": 130,
      "fingerprint": "1cef39c31e10604f05b37ab0c598bf63937a343a79a6ad9168f66f726c01f6c1"
    },
    {
      "id": "services",
      "path": "services",
      "file_count": 30,
      "fingerprint": "ba19908212f457873e5a0dfc0593045afb07f3a4187e24f5876881fefb2d8a76"
    },
    {
      "id": "skills",
      "path": "skills",
      "file_count": 17,
      "fingerprint": "24a68527bbd977a8705da150d7480f5de4051bc5879361e25d9ee84f9ada3f4c"
    },
    {
      "id": "utils",
      "path": "utils",
      "file_count": 12,
      "fingerprint": "eb29bdcde3e1a9d00150baa384aeaa5371684eb47b93691f81c2c1392c005ea2"
    }
  ]
}
