{
  "source_commit": "20ae3ff3ee4de74aeb1d73cf3854b3ebb6d2b869",
  "working_tree_dirty": true,
  "generated_at": "2026-09-05T19:38:04Z",
  "scanned_scope": [
    "."
  ],
  "excluded_directories": [
    ".agents",
    ".cache",
    ".git",
    ".hg",
    ".next",
    ".nuxt",
    ".obsidian",
    ".svn",
    ".turbo",
    ".venv",
    ".vscode",
    "__pycache__",
    "build",
    "coverage",
    "dist",
    "docs/codemap",
    "generated",
    "node_modules",
    "out",
    "target",
    "vendor",
    "venv"
  ],
  "fingerprint_algorithm": "sha256-path-content-v2",
  "modules": [
    {
      "id": ".",
      "path": ".",
      "file_count": 33,
      "fingerprint": "88f1d99825292aeeaa233cfac1ad15ce6564fa6e694d0d4b164bc820c31655b3"
    },
    {
      "id": ".github",
      "path": ".github",
      "file_count": 8,
      "fingerprint": "2c8a6367c81f505a7a4cc10519567da5e004d0b040b7e09976a740de2a325fcb"
    },
    {
      "id": ".vite-hooks",
      "path": ".vite-hooks",
      "file_count": 1,
      "fingerprint": "c651947e8b33c04895037bbfc509c2282d54b6d21432ba1c7fa62a1acfa3b618"
    },
    {
      "id": "apps",
      "path": "apps",
      "file_count": 238,
      "fingerprint": "e5da892ee0b798c313369f2bedc4f56163b18b5cf8be442fe21dc05173dc2245"
    },
    {
      "id": "assets",
      "path": "assets",
      "file_count": 6607,
      "fingerprint": "348e282748afa998b1ca8d7ebe2c64162277d7914ee39571d3acca736bb3b954"
    },
    {
      "id": "components",
      "path": "components",
      "file_count": 1979,
      "fingerprint": "b9994bd03708dc9f622d5ccc10fcc21a932aed0c82aff7023beb2f69ebf29931"
    },
    {
      "id": "contexts",
      "path": "contexts",
      "file_count": 12,
      "fingerprint": "b51108492190cb5089da4507ba4d82cebfb87f3f0bd2aeb901bb9ab084ea5c50"
    },
    {
      "id": "docs",
      "path": "docs",
      "file_count": 34,
      "fingerprint": "981d26aeddbf1dbb230ebf1bbf494358807e99db4d7f136f6d393ead635ce471"
    },
    {
      "id": "electron",
      "path": "electron",
      "file_count": 2,
      "fingerprint": "7c22ef4f3766ea64b8ad6cd45f5c08cb2dacf12c002f0141c55fed1fbcfa1fe8"
    },
    {
      "id": "hooks",
      "path": "hooks",
      "file_count": 75,
      "fingerprint": "daa5b59a97738ce7e54bbb5eab74936b752f44a80a3f3e6182586445918f4602"
    },
    {
      "id": "lib",
      "path": "lib",
      "file_count": 173,
      "fingerprint": "df14260eed38f017bc55ead88015be4974e3dee1b32ada161409fff3978e6821"
    },
    {
      "id": "packages",
      "path": "packages",
      "file_count": 36,
      "fingerprint": "ae491ab2c755c6e0df9b10b59f7c99e38e6ddedfe5ecef7d9becef85dce2a708"
    },
    {
      "id": "scripts",
      "path": "scripts",
      "file_count": 130,
      "fingerprint": "81d5b4cf33ea1a097783db02f6216259708d7ae8393dc8cbb643bae2af352bc8"
    },
    {
      "id": "services",
      "path": "services",
      "file_count": 30,
      "fingerprint": "ba19908212f457873e5a0dfc0593045afb07f3a4187e24f5876881fefb2d8a76"
    },
    {
      "id": "skills",
      "path": "skills",
      "file_count": 17,
      "fingerprint": "24a68527bbd977a8705da150d7480f5de4051bc5879361e25d9ee84f9ada3f4c"
    },
    {
      "id": "utils",
      "path": "utils",
      "file_count": 12,
      "fingerprint": "eb29bdcde3e1a9d00150baa384aeaa5371684eb47b93691f81c2c1392c005ea2"
    }
  ]
}
