{
  "current_commit": "7c18ef50965dc92313088643567945ae3a241e75",
  "working_tree_dirty": true,
  "generated_at": "2026-08-08T16:09:51Z",
  "scanned_scope": [
    "."
  ],
  "excluded_directories": [
    ".cache",
    ".git",
    ".hg",
    ".next",
    ".nuxt",
    ".svn",
    ".turbo",
    ".venv",
    "__pycache__",
    "build",
    "coverage",
    "dist",
    "docs/codemap",
    "generated",
    "node_modules",
    "out",
    "target",
    "vendor",
    "venv"
  ],
  "fingerprint_algorithm": "sha256-path-content-v1",
  "modules": [
    {
      "id": ".",
      "path": ".",
      "file_count": 31,
      "fingerprint": "ca6dbfdda6767f6ae95ea2f7171ebed40440119ae74c28a777460081792b2cb0"
    },
    {
      "id": ".agents",
      "path": ".agents",
      "file_count": 1,
      "fingerprint": "6cbf2e46a80bd048dfa5356af72f034ca8d56d32c5aff528e0df3a35b83ea2f1"
    },
    {
      "id": ".github",
      "path": ".github",
      "file_count": 6,
      "fingerprint": "8eaa7e40bf7e3d18af902c1ffdffdc9bda47f788f68e8ddc3aeeabf0c49d28e4"
    },
    {
      "id": ".vite-hooks",
      "path": ".vite-hooks",
      "file_count": 1,
      "fingerprint": "1f1bb7af440835e3687609f2f7dfd61e2f3bdb1237d8c631c781c6f80d6ec7d1"
    },
    {
      "id": ".vscode",
      "path": ".vscode",
      "file_count": 2,
      "fingerprint": "e1f166cd474b075884e64e5306350f5c1a03c94866799adf167b7d0be72f7dd0"
    },
    {
      "id": "apps",
      "path": "apps",
      "file_count": 180,
      "fingerprint": "63fe6d96d24a017438c8aad100cfac5ff79651d4070e341221b412481534b173"
    },
    {
      "id": "assets",
      "path": "assets",
      "file_count": 4882,
      "fingerprint": "85da0fa94a842e8c7ef6a59fd347541c8e37a50579ed8cf265a5dd25567a4224"
    },
    {
      "id": "components",
      "path": "components",
      "file_count": 1967,
      "fingerprint": "f08c3d8b36f52c54fcdf495389e2948d85fcb87cae6b84aab701ba8594be4ab5"
    },
    {
      "id": "contexts",
      "path": "contexts",
      "file_count": 12,
      "fingerprint": "b10d5fc4f844ef99d7164b5025754ee3eaee4d044fe1cd236c5b4a0fb22edd5e"
    },
    {
      "id": "docs",
      "path": "docs",
      "file_count": 37,
      "fingerprint": "ae1b9d21fe10766db7566fd340d4cbf772d7857fc58ec1e6d27c869e2b81c40b"
    },
    {
      "id": "electron",
      "path": "electron",
      "file_count": 2,
      "fingerprint": "d8b50df5201a0664d6bfd2ccca74b02aa493a5a713fd6601b9932f6b3625ad90"
    },
    {
      "id": "hooks",
      "path": "hooks",
      "file_count": 68,
      "fingerprint": "ad24088556a70796d2d04bb367c1e39f70eef86ead5d14ca51c81a9a93edaf1f"
    },
    {
      "id": "lib",
      "path": "lib",
      "file_count": 137,
      "fingerprint": "6d61eefb4283ae1e3a0f67e110ffb342c522cb5fae20b09eb7440a06089103aa"
    },
    {
      "id": "packages",
      "path": "packages",
      "file_count": 28,
      "fingerprint": "d61af2ef26d0c65c40bec389ac0e85c2eb0c899fb81becf82321539ef174d801"
    },
    {
      "id": "scripts",
      "path": "scripts",
      "file_count": 116,
      "fingerprint": "e363b12ef33aee85478113291c6e6c21909d309ee6e4352c06d07bd552e74aeb"
    },
    {
      "id": "services",
      "path": "services",
      "file_count": 28,
      "fingerprint": "0c853d58cc6f8dcf4905acc2d82a1d492d5e674245d4cfe01757474bc4f6d5c1"
    },
    {
      "id": "skills",
      "path": "skills",
      "file_count": 18,
      "fingerprint": "52189d059aad5caa6e9b7c68cb2c93fd5cf71c3b52b01abecef019c464400723"
    },
    {
      "id": "test-files",
      "path": "test-files",
      "file_count": 4,
      "fingerprint": "56aa15416e636929d5cd8b04f216454d4798e80f62fc6f7b57439b70acefc449"
    },
    {
      "id": "utils",
      "path": "utils",
      "file_count": 12,
      "fingerprint": "f56257ac326c0fa230505c5d7bcbd5662c8a9268c40cd31cf193aea686b92ca6"
    }
  ]
}
